
Microsoft Visual Studio Solution File, Format Version 12.00
Project("{FAE04EC0-301F-11D3-BF4B-00C04F79EFBC}") = "Nursery.Clientlogin", "Nursery.Clientlogin\Nursery.Clientlogin.csproj", "{046A7C76-7154-471E-B98F-5859B75202D7}"
EndProject
Project("{FAE04EC0-301F-11D3-BF4B-00C04F79EFBC}") = "Nursery.Api", "Nursery.Api\Nursery.Api.csproj", "{429C2CA0-C41A-4EAC-A411-0DDB05C7BFC0}"
EndProject
Project("{FAE04EC0-301F-11D3-BF4B-00C04F79EFBC}") = "Nursery.Core", "Nursery.Core\Nursery.Core.csproj", "{5114DD81-ED79-425C-A04C-8186D081D493}"
EndProject
Global
	GlobalSection(SolutionConfigurationPlatforms) = preSolution
		Debug|Any CPU = Debug|Any CPU
		Release|Any CPU = Release|Any CPU
	EndGlobalSection
	GlobalSection(ProjectConfigurationPlatforms) = postSolution
		{046A7C76-7154-471E-B98F-5859B75202D7}.Debug|Any CPU.ActiveCfg = Debug|Any CPU
		{046A7C76-7154-471E-B98F-5859B75202D7}.Debug|Any CPU.Build.0 = Debug|Any CPU
		{046A7C76-7154-471E-B98F-5859B75202D7}.Release|Any CPU.ActiveCfg = Release|Any CPU
		{046A7C76-7154-471E-B98F-5859B75202D7}.Release|Any CPU.Build.0 = Release|Any CPU
		{429C2CA0-C41A-4EAC-A411-0DDB05C7BFC0}.Debug|Any CPU.ActiveCfg = Debug|Any CPU
		{429C2CA0-C41A-4EAC-A411-0DDB05C7BFC0}.Debug|Any CPU.Build.0 = Debug|Any CPU
		{429C2CA0-C41A-4EAC-A411-0DDB05C7BFC0}.Release|Any CPU.ActiveCfg = Release|Any CPU
		{429C2CA0-C41A-4EAC-A411-0DDB05C7BFC0}.Release|Any CPU.Build.0 = Release|Any CPU
		{5114DD81-ED79-425C-A04C-8186D081D493}.Debug|Any CPU.ActiveCfg = Debug|Any CPU
		{5114DD81-ED79-425C-A04C-8186D081D493}.Debug|Any CPU.Build.0 = Debug|Any CPU
		{5114DD81-ED79-425C-A04C-8186D081D493}.Release|Any CPU.ActiveCfg = Release|Any CPU
		{5114DD81-ED79-425C-A04C-8186D081D493}.Release|Any CPU.Build.0 = Release|Any CPU
	EndGlobalSection
EndGlobal
